
Microsoft Visual Studio Solution File, Format Version 12.00
# Visual Studio Version 17
VisualStudioVersion = 17.14.36811.4 d17.14
MinimumVisualStudioVersion = 10.0.40219.1
Project("{FAE04EC0-301F-11D3-BF4B-00C04F79EFBC}") = "CMSAPI", "CMSAPI\CMSAPI.csproj", "{E460A86E-A764-4375-BF9D-6BC072B6C104}"
EndProject
Global
	GlobalSection(SolutionConfigurationPlatforms) = preSolution
		Debug|Any CPU = Debug|Any CPU
		Release|Any CPU = Release|Any CPU
	EndGlobalSection
	GlobalSection(ProjectConfigurationPlatforms) = postSolution
		{E460A86E-A764-4375-BF9D-6BC072B6C104}.Debug|Any CPU.ActiveCfg = Debug|Any CPU
		{E460A86E-A764-4375-BF9D-6BC072B6C104}.Debug|Any CPU.Build.0 = Debug|Any CPU
		{E460A86E-A764-4375-BF9D-6BC072B6C104}.Release|Any CPU.ActiveCfg = Release|Any CPU
		{E460A86E-A764-4375-BF9D-6BC072B6C104}.Release|Any CPU.Build.0 = Release|Any CPU
	EndGlobalSection
	GlobalSection(SolutionProperties) = preSolution
		HideSolutionNode = FALSE
	EndGlobalSection
	GlobalSection(ExtensibilityGlobals) = postSolution
		SolutionGuid = {ED708590-A745-4373-8F72-06E209015A1A}
	EndGlobalSection
EndGlobal
